
Microsoft Visual Studio Solution File, Format Version 12.00
# Visual Studio 15
VisualStudioVersion = 15.0.27703.2042
MinimumVisualStudioVersion = 10.0.40219.1
Project("{9A19103F-16F7-4668-BE54-9A1E7A4F7556}") = "Cash.API", "Cash.API\Cash.API.csproj", "{5FD4247D-E30C-4809-A40B-A2550C023B92}"
EndProject
Project("{FAE04EC0-301F-11D3-BF4B-00C04F79EFBC}") = "Cash.Installer", "Cash.Installer\Cash.Installer.csproj", "{66D2A612-5739-4B44-B566-1A871B7F2EB2}"
EndProject
Global
	GlobalSection(SolutionConfigurationPlatforms) = preSolution
		Debug|Any CPU = Debug|Any CPU
		Release|Any CPU = Release|Any CPU
	EndGlobalSection
	GlobalSection(ProjectConfigurationPlatforms) = postSolution
		{5FD4247D-E30C-4809-A40B-A2550C023B92}.Debug|Any CPU.ActiveCfg = Debug|Any CPU
		{5FD4247D-E30C-4809-A40B-A2550C023B92}.Debug|Any CPU.Build.0 = Debug|Any CPU
		{5FD4247D-E30C-4809-A40B-A2550C023B92}.Release|Any CPU.ActiveCfg = Release|Any CPU
		{5FD4247D-E30C-4809-A40B-A2550C023B92}.Release|Any CPU.Build.0 = Release|Any CPU
		{66D2A612-5739-4B44-B566-1A871B7F2EB2}.Debug|Any CPU.ActiveCfg = Debug|Any CPU
		{66D2A612-5739-4B44-B566-1A871B7F2EB2}.Debug|Any CPU.Build.0 = Debug|Any CPU
		{66D2A612-5739-4B44-B566-1A871B7F2EB2}.Release|Any CPU.ActiveCfg = Release|Any CPU
		{66D2A612-5739-4B44-B566-1A871B7F2EB2}.Release|Any CPU.Build.0 = Release|Any CPU
	EndGlobalSection
	GlobalSection(SolutionProperties) = preSolution
		HideSolutionNode = FALSE
	EndGlobalSection
	GlobalSection(ExtensibilityGlobals) = postSolution
		SolutionGuid = {D749D698-D736-4BB2-87CD-1A2965D5EA16}
	EndGlobalSection
EndGlobal
